# This file is autogenerated, do not edit; changes may be undone by the next 'dep ensure'.


[[projects]]
  name = "github.com/confluentinc/confluent-kafka-go"
  packages = ["kafka"]
  revision = "5e4d04e05fc319ce5996a867aafef29059f26862"
  version = "v0.11.4"

[[projects]]
  name = "github.com/satori/go.uuid"
  packages = ["."]
  revision = "f58768cc1a7a7e77a3bd49e98cdd21419399b6a3"
  version = "v1.2.0"

[[projects]]
  branch = "master"
  name = "github.com/sysco-middleware/commander"
  packages = ["."]
  revision = "cb7d2e29ea7e09f901ac2648a489e0c87be04387"

[solve-meta]
  analyzer-name = "dep"
  analyzer-version = 1
  inputs-digest = "828e0b2d9568fa8bd292284818fbde0be67c2a2be746997184be00331bff9661"
  solver-name = "gps-cdcl"
  solver-version = 1
